
Microsoft Visual Studio Solution File, Format Version 12.00
# Visual Studio Version 17
VisualStudioVersion = 17.7.34031.279
MinimumVisualStudioVersion = 10.0.40219.1
Project("{FAE04EC0-301F-11D3-BF4B-00C04F79EFBC}") = "HotelProjeAPI", "HotelProjeAPI\HotelProjeAPI.csproj", "{D28D76B8-2E76-4883-B19A-5BF9DCA98610}"
EndProject
Global
	GlobalSection(SolutionConfigurationPlatforms) = preSolution
		Debug|Any CPU = Debug|Any CPU
		Release|Any CPU = Release|Any CPU
	EndGlobalSection
	GlobalSection(ProjectConfigurationPlatforms) = postSolution
		{D28D76B8-2E76-4883-B19A-5BF9DCA98610}.Debug|Any CPU.ActiveCfg = Debug|Any CPU
		{D28D76B8-2E76-4883-B19A-5BF9DCA98610}.Debug|Any CPU.Build.0 = Debug|Any CPU
		{D28D76B8-2E76-4883-B19A-5BF9DCA98610}.Release|Any CPU.ActiveCfg = Release|Any CPU
		{D28D76B8-2E76-4883-B19A-5BF9DCA98610}.Release|Any CPU.Build.0 = Release|Any CPU
	EndGlobalSection
	GlobalSection(SolutionProperties) = preSolution
		HideSolutionNode = FALSE
	EndGlobalSection
	GlobalSection(ExtensibilityGlobals) = postSolution
		SolutionGuid = {F9C82ECD-0C73-47FF-8293-FA95C2DBD4CE}
	EndGlobalSection
EndGlobal
