
Microsoft Visual Studio Solution File, Format Version 12.00
# Visual Studio Version 17
VisualStudioVersion = 17.7.34031.279
MinimumVisualStudioVersion = 10.0.40219.1
Project("{9A19103F-16F7-4668-BE54-9A1E7A4F7556}") = "HotelProjeAPI", "HotelProjeAPI\HotelProjeAPI.csproj", "{D28D76B8-2E76-4883-B19A-5BF9DCA98610}"
EndProject
Project("{2150E333-8FDC-42A3-9474-1A3956D46DE8}") = "API_Folder", "API_Folder", "{7C0EFBB6-6E6B-42FE-98AC-288B21FDD041}"
EndProject
Project("{2150E333-8FDC-42A3-9474-1A3956D46DE8}") = "Frontend", "Frontend", "{361126AE-A428-4CD7-8382-51764A0A0AC7}"
EndProject
Project("{9A19103F-16F7-4668-BE54-9A1E7A4F7556}") = "HotelProjectUI", "Frontend\HotelProjectUI\HotelProjectUI.csproj", "{636C1C06-DAD4-4B97-AA9A-1B10AC9753AC}"
EndProject
Project("{9A19103F-16F7-4668-BE54-9A1E7A4F7556}") = "Hotel_Layer.Entities", "API_Folder\Hotel_Layer.Entities\Hotel_Layer.Entities.csproj", "{1956A496-459D-4CAD-84D0-67094B2F9F22}"
EndProject
Project("{9A19103F-16F7-4668-BE54-9A1E7A4F7556}") = "Hotel_Layer.DTO", "API_Folder\Hotel_Layer.DTO\Hotel_Layer.DTO.csproj", "{0BE4B5CC-7937-42C6-BD26-32C5EEDE8F2D}"
EndProject
Project("{9A19103F-16F7-4668-BE54-9A1E7A4F7556}") = "Hotel_Layer.DataAccess", "API_Folder\Hotel_Layer.DataAccess\Hotel_Layer.DataAccess.csproj", "{AE292366-4978-4228-BFF7-A3D64F059B3F}"
EndProject
Project("{9A19103F-16F7-4668-BE54-9A1E7A4F7556}") = "Hotel_Layer.Business", "API_Folder\Hotel_Layer.Business\Hotel_Layer.Business.csproj", "{FB83DDD1-6DF4-4B0D-932F-B60B5F4D3F0F}"
EndProject
Project("{2150E333-8FDC-42A3-9474-1A3956D46DE8}") = "Solution Items", "Solution Items", "{F8F960E9-D6A6-468B-91A8-64C128F96101}"
	ProjectSection(SolutionItems) = preProject
		Yapılacak.txt = Yapılacak.txt
	EndProjectSection
EndProject
Global
	GlobalSection(SolutionConfigurationPlatforms) = preSolution
		Debug|Any CPU = Debug|Any CPU
		Release|Any CPU = Release|Any CPU
	EndGlobalSection
	GlobalSection(ProjectConfigurationPlatforms) = postSolution
		{D28D76B8-2E76-4883-B19A-5BF9DCA98610}.Debug|Any CPU.ActiveCfg = Debug|Any CPU
		{D28D76B8-2E76-4883-B19A-5BF9DCA98610}.Debug|Any CPU.Build.0 = Debug|Any CPU
		{D28D76B8-2E76-4883-B19A-5BF9DCA98610}.Release|Any CPU.ActiveCfg = Release|Any CPU
		{D28D76B8-2E76-4883-B19A-5BF9DCA98610}.Release|Any CPU.Build.0 = Release|Any CPU
		{636C1C06-DAD4-4B97-AA9A-1B10AC9753AC}.Debug|Any CPU.ActiveCfg = Debug|Any CPU
		{636C1C06-DAD4-4B97-AA9A-1B10AC9753AC}.Debug|Any CPU.Build.0 = Debug|Any CPU
		{636C1C06-DAD4-4B97-AA9A-1B10AC9753AC}.Release|Any CPU.ActiveCfg = Release|Any CPU
		{636C1C06-DAD4-4B97-AA9A-1B10AC9753AC}.Release|Any CPU.Build.0 = Release|Any CPU
		{1956A496-459D-4CAD-84D0-67094B2F9F22}.Debug|Any CPU.ActiveCfg = Debug|Any CPU
		{1956A496-459D-4CAD-84D0-67094B2F9F22}.Debug|Any CPU.Build.0 = Debug|Any CPU
		{1956A496-459D-4CAD-84D0-67094B2F9F22}.Release|Any CPU.ActiveCfg = Release|Any CPU
		{1956A496-459D-4CAD-84D0-67094B2F9F22}.Release|Any CPU.Build.0 = Release|Any CPU
		{0BE4B5CC-7937-42C6-BD26-32C5EEDE8F2D}.Debug|Any CPU.ActiveCfg = Debug|Any CPU
		{0BE4B5CC-7937-42C6-BD26-32C5EEDE8F2D}.Debug|Any CPU.Build.0 = Debug|Any CPU
		{0BE4B5CC-7937-42C6-BD26-32C5EEDE8F2D}.Release|Any CPU.ActiveCfg = Release|Any CPU
		{0BE4B5CC-7937-42C6-BD26-32C5EEDE8F2D}.Release|Any CPU.Build.0 = Release|Any CPU
		{AE292366-4978-4228-BFF7-A3D64F059B3F}.Debug|Any CPU.ActiveCfg = Debug|Any CPU
		{AE292366-4978-4228-BFF7-A3D64F059B3F}.Debug|Any CPU.Build.0 = Debug|Any CPU
		{AE292366-4978-4228-BFF7-A3D64F059B3F}.Release|Any CPU.ActiveCfg = Release|Any CPU
		{AE292366-4978-4228-BFF7-A3D64F059B3F}.Release|Any CPU.Build.0 = Release|Any CPU
		{FB83DDD1-6DF4-4B0D-932F-B60B5F4D3F0F}.Debug|Any CPU.ActiveCfg = Debug|Any CPU
		{FB83DDD1-6DF4-4B0D-932F-B60B5F4D3F0F}.Debug|Any CPU.Build.0 = Debug|Any CPU
		{FB83DDD1-6DF4-4B0D-932F-B60B5F4D3F0F}.Release|Any CPU.ActiveCfg = Release|Any CPU
		{FB83DDD1-6DF4-4B0D-932F-B60B5F4D3F0F}.Release|Any CPU.Build.0 = Release|Any CPU
	EndGlobalSection
	GlobalSection(SolutionProperties) = preSolution
		HideSolutionNode = FALSE
	EndGlobalSection
	GlobalSection(NestedProjects) = preSolution
		{636C1C06-DAD4-4B97-AA9A-1B10AC9753AC} = {361126AE-A428-4CD7-8382-51764A0A0AC7}
		{1956A496-459D-4CAD-84D0-67094B2F9F22} = {7C0EFBB6-6E6B-42FE-98AC-288B21FDD041}
		{0BE4B5CC-7937-42C6-BD26-32C5EEDE8F2D} = {7C0EFBB6-6E6B-42FE-98AC-288B21FDD041}
		{AE292366-4978-4228-BFF7-A3D64F059B3F} = {7C0EFBB6-6E6B-42FE-98AC-288B21FDD041}
		{FB83DDD1-6DF4-4B0D-932F-B60B5F4D3F0F} = {7C0EFBB6-6E6B-42FE-98AC-288B21FDD041}
	EndGlobalSection
	GlobalSection(ExtensibilityGlobals) = postSolution
		SolutionGuid = {F9C82ECD-0C73-47FF-8293-FA95C2DBD4CE}
	EndGlobalSection
EndGlobal
